github.com/wallyqs/go-mod-a v0.0.0-20210924201556-e67af2677460 h1:alim5qw73L9EfbCEF7TW3KDlbfWoMs580PtS4+1fF38=
github.com/wallyqs/go-mod-a v0.0.0-20210924201556-e67af2677460/go.mod h1:+86UH/9vUOVQadGIBaupYvn1FMXQIzXpXqmGtq28JPk=
github.com/wallyqs/go-mod-b v0.0.0-20210924195232-cc93d43aa245/go.mod h1:IMoYMTpn8BaoMzQP+9DeRp7bHQv/n+jAhQfguxXc9oM=
